
Microsoft Visual Studio Solution File, Format Version 12.00
# Visual Studio Version 17
VisualStudioVersion = 17.10.35122.118
MinimumVisualStudioVersion = 10.0.40219.1
Project("{FAE04EC0-301F-11D3-BF4B-00C04F79EFBC}") = "Override", "Override\Override.csproj", "{D3B64D9E-83AD-4933-A36D-1D51C53962CB}"
EndProject
Global
	GlobalSection(SolutionConfigurationPlatforms) = preSolution
		Debug|Any CPU = Debug|Any CPU
		Release|Any CPU = Release|Any CPU
	EndGlobalSection
	GlobalSection(ProjectConfigurationPlatforms) = postSolution
		{D3B64D9E-83AD-4933-A36D-1D51C53962CB}.Debug|Any CPU.ActiveCfg = Debug|Any CPU
		{D3B64D9E-83AD-4933-A36D-1D51C53962CB}.Debug|Any CPU.Build.0 = Debug|Any CPU
		{D3B64D9E-83AD-4933-A36D-1D51C53962CB}.Release|Any CPU.ActiveCfg = Release|Any CPU
		{D3B64D9E-83AD-4933-A36D-1D51C53962CB}.Release|Any CPU.Build.0 = Release|Any CPU
	EndGlobalSection
	GlobalSection(SolutionProperties) = preSolution
		HideSolutionNode = FALSE
	EndGlobalSection
	GlobalSection(ExtensibilityGlobals) = postSolution
		SolutionGuid = {1FEE4AC8-1CBE-4E8D-91CB-FAE8AC6BE049}
	EndGlobalSection
EndGlobal
